
Microsoft Visual Studio Solution File, Format Version 12.00
# Visual Studio Version 16
VisualStudioVersion = 16.0.30114.105
MinimumVisualStudioVersion = 10.0.40219.1
Project("{FAE04EC0-301F-11D3-BF4B-00C04F79EFBC}") = "WebApplication1", "WebApplication1\WebApplication1.csproj", "{8890BA98-B9DA-4FD2-A751-2CCB28A823BB}"
EndProject
Global
	GlobalSection(SolutionConfigurationPlatforms) = preSolution
		Debug|Any CPU = Debug|Any CPU
		Release|Any CPU = Release|Any CPU
	EndGlobalSection
	GlobalSection(SolutionProperties) = preSolution
		HideSolutionNode = FALSE
	EndGlobalSection
	GlobalSection(ProjectConfigurationPlatforms) = postSolution
		{8890BA98-B9DA-4FD2-A751-2CCB28A823BB}.Debug|Any CPU.ActiveCfg = Debug|Any CPU
		{8890BA98-B9DA-4FD2-A751-2CCB28A823BB}.Debug|Any CPU.Build.0 = Debug|Any CPU
		{8890BA98-B9DA-4FD2-A751-2CCB28A823BB}.Release|Any CPU.ActiveCfg = Release|Any CPU
		{8890BA98-B9DA-4FD2-A751-2CCB28A823BB}.Release|Any CPU.Build.0 = Release|Any CPU
	EndGlobalSection
EndGlobal
